// !$*UTF8*$!
{
	archiveVersion = 1;
	classes = {
	};
	objectVersion = 55;
	objects = {

/* Begin PBXBuildFile section */
		50B61A7F2878796B0030CC83 /* FinePay.swift in Sources */ = {isa = PBXBuildFile; fileRef = 50B61A7E2878796B0030CC83 /* FinePay.swift */; };
		50B61A812878796B0030CC83 /* ContentView.swift in Sources */ = {isa = PBXBuildFile; fileRef = 50B61A802878796B0030CC83 /* ContentView.swift */; };
		50B61A832878796C0030CC83 /* Assets.xcassets in Resources */ = {isa = PBXBuildFile; fileRef = 50B61A822878796C0030CC83 /* Assets.xcassets */; };
		50B61A862878796C0030CC83 /* Preview Assets.xcassets in Resources */ = {isa = PBXBuildFile; fileRef = 50B61A852878796C0030CC83 /* Preview Assets.xcassets */; };
		50B61A9428787AB60030CC83 /* PhantomConnect in Frameworks */ = {isa = PBXBuildFile; productRef = 50B61A9328787AB60030CC83 /* PhantomConnect */; };
		EE621BE12D9E5D04006066C9 /* WalletView.swift in Sources */ = {isa = PBXBuildFile; fileRef = EE621BE02D9E5CFA006066C9 /* WalletView.swift */; };
		EE621BE32D9E6A18006066C9 /* SendView.swift in Sources */ = {isa = PBXBuildFile; fileRef = EE621BE22D9E6A15006066C9 /* SendView.swift */; };
		EE621BE72D9FE245006066C9 /* InviteView.swift in Sources */ = {isa = PBXBuildFile; fileRef = EE621BE62D9FE240006066C9 /* InviteView.swift */; };
		EED7636E2D9D523F00E03109 /* HomeView.swift in Sources */ = {isa = PBXBuildFile; fileRef = EED7636D2D9D523D00E03109 /* HomeView.swift */; };
		EED763702D9D526500E03109 /* PeerView.swift in Sources */ = {isa = PBXBuildFile; fileRef = EED7636F2D9D525E00E03109 /* PeerView.swift */; };
		EED763722D9D527D00E03109 /* MultipeerSession.swift in Sources */ = {isa = PBXBuildFile; fileRef = EED763712D9D527400E03109 /* MultipeerSession.swift */; };
		EED763762D9D52B000E03109 /* Peer.swift in Sources */ = {isa = PBXBuildFile; fileRef = EED763752D9D52AD00E03109 /* Peer.swift */; };
		EED7637A2D9D5CBC00E03109 /* PeerCircleView.swift in Sources */ = {isa = PBXBuildFile; fileRef = EED763792D9D5CB900E03109 /* PeerCircleView.swift */; };
		F1A4D9912D9CCF4E00379B28 /* NetworkManager.swift in Sources */ = {isa = PBXBuildFile; fileRef = F1A4D9902D9CCF4700379B28 /* NetworkManager.swift */; };
		F1A4D9932D9CD37D00379B28 /* HttpMethod.swift in Sources */ = {isa = PBXBuildFile; fileRef = F1A4D9922D9CD37600379B28 /* HttpMethod.swift */; };
		F1A4D9952D9CD3F100379B28 /* BlockHashModel.swift in Sources */ = {isa = PBXBuildFile; fileRef = F1A4D9942D9CD3E800379B28 /* BlockHashModel.swift */; };
		F1A4D9A12D9CDC2900379B28 /* SendSOLView.swift in Sources */ = {isa = PBXBuildFile; fileRef = F1A4D9A02D9CDC1B00379B28 /* SendSOLView.swift */; };
		F1A4D9A32D9CF99E00379B28 /* Color+Ex.swift in Sources */ = {isa = PBXBuildFile; fileRef = F1A4D9A22D9CF99B00379B28 /* Color+Ex.swift */; };
		F1C02EB12D9D950200F1AFFE /* SendingView.swift in Sources */ = {isa = PBXBuildFile; fileRef = F1C02EB02D9D94FD00F1AFFE /* SendingView.swift */; };
		F1C02EB32D9D998E00F1AFFE /* SendingResultView.swift in Sources */ = {isa = PBXBuildFile; fileRef = F1C02EB22D9D998A00F1AFFE /* SendingResultView.swift */; };
		F1C02EB52D9E527100F1AFFE /* Double+Ex.swift in Sources */ = {isa = PBXBuildFile; fileRef = F1C02EB42D9E526F00F1AFFE /* Double+Ex.swift */; };
		F1C02EB92D9EAE2E00F1AFFE /* View+Ex.swift in Sources */ = {isa = PBXBuildFile; fileRef = F1C02EB82D9EAE2800F1AFFE /* View+Ex.swift */; };
		F1C02EBB2DA0CD3900F1AFFE /* TopRoundedRectangle.swift in Sources */ = {isa = PBXBuildFile; fileRef = F1C02EBA2DA0CD2000F1AFFE /* TopRoundedRectangle.swift */; };
		F1FC60322DA1071900A39555 /* TokenInfo.swift in Sources */ = {isa = PBXBuildFile; fileRef = F1FC60312DA1071200A39555 /* TokenInfo.swift */; };
/* End PBXBuildFile section */

/* Begin PBXFileReference section */
		50B61A7B2878796B0030CC83 /* FinePay.app */ = {isa = PBXFileReference; explicitFileType = wrapper.application; includeInIndex = 0; path = FinePay.app; sourceTree = BUILT_PRODUCTS_DIR; };
		50B61A7E2878796B0030CC83 /* FinePay.swift */ = {isa = PBXFileReference; lastKnownFileType = sourcecode.swift; path = FinePay.swift; sourceTree = "<group>"; };
		50B61A802878796B0030CC83 /* ContentView.swift */ = {isa = PBXFileReference; lastKnownFileType = sourcecode.swift; path = ContentView.swift; sourceTree = "<group>"; };
		50B61A822878796C0030CC83 /* Assets.xcassets */ = {isa = PBXFileReference; lastKnownFileType = folder.assetcatalog; path = Assets.xcassets; sourceTree = "<group>"; };
		50B61A852878796C0030CC83 /* Preview Assets.xcassets */ = {isa = PBXFileReference; lastKnownFileType = folder.assetcatalog; path = "Preview Assets.xcassets"; sourceTree = "<group>"; };
		50B61A8F28787A130030CC83 /* phantom-connect */ = {isa = PBXFileReference; lastKnownFileType = wrapper; name = "phantom-connect"; path = ..; sourceTree = "<group>"; };
		50B61A9528787C890030CC83 /* Info.plist */ = {isa = PBXFileReference; lastKnownFileType = text.plist; path = Info.plist; sourceTree = "<group>"; };
		EE621BE02D9E5CFA006066C9 /* WalletView.swift */ = {isa = PBXFileReference; lastKnownFileType = sourcecode.swift; path = WalletView.swift; sourceTree = "<group>"; };
		EE621BE22D9E6A15006066C9 /* SendView.swift */ = {isa = PBXFileReference; lastKnownFileType = sourcecode.swift; path = SendView.swift; sourceTree = "<group>"; };
		EE621BE62D9FE240006066C9 /* InviteView.swift */ = {isa = PBXFileReference; lastKnownFileType = sourcecode.swift; path = InviteView.swift; sourceTree = "<group>"; };
		EED7636D2D9D523D00E03109 /* HomeView.swift */ = {isa = PBXFileReference; lastKnownFileType = sourcecode.swift; path = HomeView.swift; sourceTree = "<group>"; };
		EED7636F2D9D525E00E03109 /* PeerView.swift */ = {isa = PBXFileReference; lastKnownFileType = sourcecode.swift; path = PeerView.swift; sourceTree = "<group>"; };
		EED763712D9D527400E03109 /* MultipeerSession.swift */ = {isa = PBXFileReference; lastKnownFileType = sourcecode.swift; path = MultipeerSession.swift; sourceTree = "<group>"; };
		EED763752D9D52AD00E03109 /* Peer.swift */ = {isa = PBXFileReference; lastKnownFileType = sourcecode.swift; path = Peer.swift; sourceTree = "<group>"; };
		EED763792D9D5CB900E03109 /* PeerCircleView.swift */ = {isa = PBXFileReference; lastKnownFileType = sourcecode.swift; path = PeerCircleView.swift; sourceTree = "<group>"; };
		F1A4D9902D9CCF4700379B28 /* NetworkManager.swift */ = {isa = PBXFileReference; lastKnownFileType = sourcecode.swift; path = NetworkManager.swift; sourceTree = "<group>"; };
		F1A4D9922D9CD37600379B28 /* HttpMethod.swift */ = {isa = PBXFileReference; lastKnownFileType = sourcecode.swift; path = HttpMethod.swift; sourceTree = "<group>"; };
		F1A4D9942D9CD3E800379B28 /* BlockHashModel.swift */ = {isa = PBXFileReference; lastKnownFileType = sourcecode.swift; path = BlockHashModel.swift; sourceTree = "<group>"; };
		F1A4D9A02D9CDC1B00379B28 /* SendSOLView.swift */ = {isa = PBXFileReference; lastKnownFileType = sourcecode.swift; path = SendSOLView.swift; sourceTree = "<group>"; };
		F1A4D9A22D9CF99B00379B28 /* Color+Ex.swift */ = {isa = PBXFileReference; lastKnownFileType = sourcecode.swift; path = "Color+Ex.swift"; sourceTree = "<group>"; };
		F1C02EB02D9D94FD00F1AFFE /* SendingView.swift */ = {isa = PBXFileReference; lastKnownFileType = sourcecode.swift; path = SendingView.swift; sourceTree = "<group>"; };
		F1C02EB22D9D998A00F1AFFE /* SendingResultView.swift */ = {isa = PBXFileReference; lastKnownFileType = sourcecode.swift; path = SendingResultView.swift; sourceTree = "<group>"; };
		F1C02EB42D9E526F00F1AFFE /* Double+Ex.swift */ = {isa = PBXFileReference; lastKnownFileType = sourcecode.swift; path = "Double+Ex.swift"; sourceTree = "<group>"; };
		F1C02EB82D9EAE2800F1AFFE /* View+Ex.swift */ = {isa = PBXFileReference; lastKnownFileType = sourcecode.swift; path = "View+Ex.swift"; sourceTree = "<group>"; };
		F1C02EBA2DA0CD2000F1AFFE /* TopRoundedRectangle.swift */ = {isa = PBXFileReference; lastKnownFileType = sourcecode.swift; path = TopRoundedRectangle.swift; sourceTree = "<group>"; };
		F1FC60312DA1071200A39555 /* TokenInfo.swift */ = {isa = PBXFileReference; lastKnownFileType = sourcecode.swift; path = TokenInfo.swift; sourceTree = "<group>"; };
/* End PBXFileReference section */

/* Begin PBXFrameworksBuildPhase section */
		50B61A782878796B0030CC83 /* Frameworks */ = {
			isa = PBXFrameworksBuildPhase;
			buildActionMask = 2147483647;
			files = (
				50B61A9428787AB60030CC83 /* PhantomConnect in Frameworks */,
			);
			runOnlyForDeploymentPostprocessing = 0;
		};
/* End PBXFrameworksBuildPhase section */

/* Begin PBXGroup section */
		50B61A722878796B0030CC83 = {
			isa = PBXGroup;
			children = (
				50B61A8E28787A130030CC83 /* Packages */,
				50B61A7D2878796B0030CC83 /* PhantomConnectExample */,
				50B61A7C2878796B0030CC83 /* Products */,
				50B61A9228787AB60030CC83 /* Frameworks */,
				EE7B65A82DA0D90700A4C829 /* Recovered References */,
			);
			sourceTree = "<group>";
		};
		50B61A7C2878796B0030CC83 /* Products */ = {
			isa = PBXGroup;
			children = (
				50B61A7B2878796B0030CC83 /* FinePay.app */,
			);
			name = Products;
			sourceTree = "<group>";
		};
		50B61A7D2878796B0030CC83 /* PhantomConnectExample */ = {
			isa = PBXGroup;
			children = (
				EED763692D9D521E00E03109 /* Home */,
				F1C02EAD2D9D4D1B00F1AFFE /* Common */,
				F1C02EAC2D9D4D0F00F1AFFE /* SendingSOL */,
				F1C63A8F2D9D4CC500EFDAC1 /* Extension */,
				50B61A9528787C890030CC83 /* Info.plist */,
				50B61A7E2878796B0030CC83 /* FinePay.swift */,
				50B61A802878796B0030CC83 /* ContentView.swift */,
				50B61A822878796C0030CC83 /* Assets.xcassets */,
				50B61A842878796C0030CC83 /* Preview Content */,
			);
			path = PhantomConnectExample;
			sourceTree = "<group>";
		};
		50B61A842878796C0030CC83 /* Preview Content */ = {
			isa = PBXGroup;
			children = (
				50B61A852878796C0030CC83 /* Preview Assets.xcassets */,
			);
			path = "Preview Content";
			sourceTree = "<group>";
		};
		50B61A8E28787A130030CC83 /* Packages */ = {
			isa = PBXGroup;
			children = (
				50B61A8F28787A130030CC83 /* phantom-connect */,
			);
			name = Packages;
			sourceTree = "<group>";
		};
		50B61A9228787AB60030CC83 /* Frameworks */ = {
			isa = PBXGroup;
			children = (
			);
			name = Frameworks;
			sourceTree = "<group>";
		};
		EE7B65A82DA0D90700A4C829 /* Recovered References */ = {
			isa = PBXGroup;
			children = (
			);
			name = "Recovered References";
			sourceTree = "<group>";
		};
		EED763692D9D521E00E03109 /* Home */ = {
			isa = PBXGroup;
			children = (
				EED7636B2D9D522B00E03109 /* View */,
				EED7636A2D9D522700E03109 /* Model */,
			);
			path = Home;
			sourceTree = "<group>";
		};
		EED7636A2D9D522700E03109 /* Model */ = {
			isa = PBXGroup;
			children = (
				F1FC60312DA1071200A39555 /* TokenInfo.swift */,
				EED763752D9D52AD00E03109 /* Peer.swift */,
			);
			path = Model;
			sourceTree = "<group>";
		};
		EED7636B2D9D522B00E03109 /* View */ = {
			isa = PBXGroup;
			children = (
				EE621BE62D9FE240006066C9 /* InviteView.swift */,
				EE621BE22D9E6A15006066C9 /* SendView.swift */,
				EE621BE02D9E5CFA006066C9 /* WalletView.swift */,
				EED763792D9D5CB900E03109 /* PeerCircleView.swift */,
				EED7636F2D9D525E00E03109 /* PeerView.swift */,
				EED7636D2D9D523D00E03109 /* HomeView.swift */,
			);
			path = View;
			sourceTree = "<group>";
		};
		F1C02EAC2D9D4D0F00F1AFFE /* SendingSOL */ = {
			isa = PBXGroup;
			children = (
				F1C02EAE2D9D4D3200F1AFFE /* Model */,
				F1C02EAF2D9D4D4700F1AFFE /* View */,
			);
			path = SendingSOL;
			sourceTree = "<group>";
		};
		F1C02EAD2D9D4D1B00F1AFFE /* Common */ = {
			isa = PBXGroup;
			children = (
				EED763712D9D527400E03109 /* MultipeerSession.swift */,
				F1A4D9922D9CD37600379B28 /* HttpMethod.swift */,
				F1A4D9902D9CCF4700379B28 /* NetworkManager.swift */,
			);
			path = Common;
			sourceTree = "<group>";
		};
		F1C02EAE2D9D4D3200F1AFFE /* Model */ = {
			isa = PBXGroup;
			children = (
				F1A4D9942D9CD3E800379B28 /* BlockHashModel.swift */,
			);
			path = Model;
			sourceTree = "<group>";
		};
		F1C02EAF2D9D4D4700F1AFFE /* View */ = {
			isa = PBXGroup;
			children = (
				F1C02EBA2DA0CD2000F1AFFE /* TopRoundedRectangle.swift */,
				F1C02EB22D9D998A00F1AFFE /* SendingResultView.swift */,
				F1C02EB02D9D94FD00F1AFFE /* SendingView.swift */,
				F1A4D9A02D9CDC1B00379B28 /* SendSOLView.swift */,
			);
			path = View;
			sourceTree = "<group>";
		};
		F1C63A8F2D9D4CC500EFDAC1 /* Extension */ = {
			isa = PBXGroup;
			children = (
				F1C02EB82D9EAE2800F1AFFE /* View+Ex.swift */,
				F1C02EB42D9E526F00F1AFFE /* Double+Ex.swift */,
				F1A4D9A22D9CF99B00379B28 /* Color+Ex.swift */,
			);
			path = Extension;
			sourceTree = "<group>";
		};
/* End PBXGroup section */

/* Begin PBXNativeTarget section */
		50B61A7A2878796B0030CC83 /* FinePay */ = {
			isa = PBXNativeTarget;
			buildConfigurationList = 50B61A892878796C0030CC83 /* Build configuration list for PBXNativeTarget "FinePay" */;
			buildPhases = (
				50B61A772878796B0030CC83 /* Sources */,
				50B61A782878796B0030CC83 /* Frameworks */,
				50B61A792878796B0030CC83 /* Resources */,
			);
			buildRules = (
			);
			dependencies = (
				50B61A9128787AAD0030CC83 /* PBXTargetDependency */,
			);
			name = FinePay;
			packageProductDependencies = (
				50B61A9328787AB60030CC83 /* PhantomConnect */,
			);
			productName = PhantomConnectExample;
			productReference = 50B61A7B2878796B0030CC83 /* FinePay.app */;
			productType = "com.apple.product-type.application";
		};
/* End PBXNativeTarget section */

/* Begin PBXProject section */
		50B61A732878796B0030CC83 /* Project object */ = {
			isa = PBXProject;
			attributes = {
				BuildIndependentTargetsInParallel = 1;
				LastSwiftUpdateCheck = 1340;
				LastUpgradeCheck = 1340;
				TargetAttributes = {
					50B61A7A2878796B0030CC83 = {
						CreatedOnToolsVersion = 13.4.1;
					};
				};
			};
			buildConfigurationList = 50B61A762878796B0030CC83 /* Build configuration list for PBXProject "FinePay" */;
			compatibilityVersion = "Xcode 13.0";
			developmentRegion = en;
			hasScannedForEncodings = 0;
			knownRegions = (
				en,
				Base,
			);
			mainGroup = 50B61A722878796B0030CC83;
			packageReferences = (
			);
			productRefGroup = 50B61A7C2878796B0030CC83 /* Products */;
			projectDirPath = "";
			projectRoot = "";
			targets = (
				50B61A7A2878796B0030CC83 /* FinePay */,
			);
		};
/* End PBXProject section */

/* Begin PBXResourcesBuildPhase section */
		50B61A792878796B0030CC83 /* Resources */ = {
			isa = PBXResourcesBuildPhase;
			buildActionMask = 2147483647;
			files = (
				50B61A862878796C0030CC83 /* Preview Assets.xcassets in Resources */,
				50B61A832878796C0030CC83 /* Assets.xcassets in Resources */,
			);
			runOnlyForDeploymentPostprocessing = 0;
		};
/* End PBXResourcesBuildPhase section */

/* Begin PBXSourcesBuildPhase section */
		50B61A772878796B0030CC83 /* Sources */ = {
			isa = PBXSourcesBuildPhase;
			buildActionMask = 2147483647;
			files = (
				F1C02EB32D9D998E00F1AFFE /* SendingResultView.swift in Sources */,
				F1C02EB92D9EAE2E00F1AFFE /* View+Ex.swift in Sources */,
				EED7637A2D9D5CBC00E03109 /* PeerCircleView.swift in Sources */,
				EE621BE12D9E5D04006066C9 /* WalletView.swift in Sources */,
				F1A4D9932D9CD37D00379B28 /* HttpMethod.swift in Sources */,
				F1A4D9A12D9CDC2900379B28 /* SendSOLView.swift in Sources */,
				F1C02EBB2DA0CD3900F1AFFE /* TopRoundedRectangle.swift in Sources */,
				EED763722D9D527D00E03109 /* MultipeerSession.swift in Sources */,
				F1FC60322DA1071900A39555 /* TokenInfo.swift in Sources */,
				EE621BE72D9FE245006066C9 /* InviteView.swift in Sources */,
				EED763762D9D52B000E03109 /* Peer.swift in Sources */,
				F1A4D9912D9CCF4E00379B28 /* NetworkManager.swift in Sources */,
				F1A4D9A32D9CF99E00379B28 /* Color+Ex.swift in Sources */,
				50B61A812878796B0030CC83 /* ContentView.swift in Sources */,
				EED7636E2D9D523F00E03109 /* HomeView.swift in Sources */,
				EED763702D9D526500E03109 /* PeerView.swift in Sources */,
				F1A4D9952D9CD3F100379B28 /* BlockHashModel.swift in Sources */,
				EE621BE32D9E6A18006066C9 /* SendView.swift in Sources */,
				50B61A7F2878796B0030CC83 /* FinePay.swift in Sources */,
				F1C02EB52D9E527100F1AFFE /* Double+Ex.swift in Sources */,
				F1C02EB12D9D950200F1AFFE /* SendingView.swift in Sources */,
			);
			runOnlyForDeploymentPostprocessing = 0;
		};
/* End PBXSourcesBuildPhase section */

/* Begin PBXTargetDependency section */
		50B61A9128787AAD0030CC83 /* PBXTargetDependency */ = {
			isa = PBXTargetDependency;
			productRef = 50B61A9028787AAD0030CC83 /* PhantomConnect */;
		};
/* End PBXTargetDependency section */

/* Begin XCBuildConfiguration section */
		50B61A872878796C0030CC83 /* Debug */ = {
			isa = XCBuildConfiguration;
			buildSettings = {
				ALWAYS_SEARCH_USER_PATHS = NO;
				CLANG_ANALYZER_NONNULL = YES;
				CLANG_ANALYZER_NUMBER_OBJECT_CONVERSION = YES_AGGRESSIVE;
				CLANG_CXX_LANGUAGE_STANDARD = "gnu++17";
				CLANG_ENABLE_MODULES = YES;
				CLANG_ENABLE_OBJC_ARC = YES;
				CLANG_ENABLE_OBJC_WEAK = YES;
				CLANG_WARN_BLOCK_CAPTURE_AUTORELEASING = YES;
				CLANG_WARN_BOOL_CONVERSION = YES;
				CLANG_WARN_COMMA = YES;
				CLANG_WARN_CONSTANT_CONVERSION = YES;
				CLANG_WARN_DEPRECATED_OBJC_IMPLEMENTATIONS = YES;
				CLANG_WARN_DIRECT_OBJC_ISA_USAGE = YES_ERROR;
				CLANG_WARN_DOCUMENTATION_COMMENTS = YES;
				CLANG_WARN_EMPTY_BODY = YES;
				CLANG_WARN_ENUM_CONVERSION = YES;
				CLANG_WARN_INFINITE_RECURSION = YES;
				CLANG_WARN_INT_CONVERSION = YES;
				CLANG_WARN_NON_LITERAL_NULL_CONVERSION = YES;
				CLANG_WARN_OBJC_IMPLICIT_RETAIN_SELF = YES;
				CLANG_WARN_OBJC_LITERAL_CONVERSION = YES;
				CLANG_WARN_OBJC_ROOT_CLASS = YES_ERROR;
				CLANG_WARN_QUOTED_INCLUDE_IN_FRAMEWORK_HEADER = YES;
				CLANG_WARN_RANGE_LOOP_ANALYSIS = YES;
				CLANG_WARN_STRICT_PROTOTYPES = YES;
				CLANG_WARN_SUSPICIOUS_MOVE = YES;
				CLANG_WARN_UNGUARDED_AVAILABILITY = YES_AGGRESSIVE;
				CLANG_WARN_UNREACHABLE_CODE = YES;
				CLANG_WARN__DUPLICATE_METHOD_MATCH = YES;
				COPY_PHASE_STRIP = NO;
				DEBUG_INFORMATION_FORMAT = dwarf;
				ENABLE_STRICT_OBJC_MSGSEND = YES;
				ENABLE_TESTABILITY = YES;
				GCC_C_LANGUAGE_STANDARD = gnu11;
				GCC_DYNAMIC_NO_PIC = NO;
				GCC_NO_COMMON_BLOCKS = YES;
				GCC_OPTIMIZATION_LEVEL = 0;
				GCC_PREPROCESSOR_DEFINITIONS = (
					"DEBUG=1",
					"$(inherited)",
				);
				GCC_WARN_64_TO_32_BIT_CONVERSION = YES;
				GCC_WARN_ABOUT_RETURN_TYPE = YES_ERROR;
				GCC_WARN_UNDECLARED_SELECTOR = YES;
				GCC_WARN_UNINITIALIZED_AUTOS = YES_AGGRESSIVE;
				GCC_WARN_UNUSED_FUNCTION = YES;
				GCC_WARN_UNUSED_VARIABLE = YES;
				IPHONEOS_DEPLOYMENT_TARGET = 17.6;
				MTL_ENABLE_DEBUG_INFO = INCLUDE_SOURCE;
				MTL_FAST_MATH = YES;
				ONLY_ACTIVE_ARCH = YES;
				SDKROOT = iphoneos;
				SWIFT_ACTIVE_COMPILATION_CONDITIONS = DEBUG;
				SWIFT_OPTIMIZATION_LEVEL = "-Onone";
			};
			name = Debug;
		};
		50B61A882878796C0030CC83 /* Release */ = {
			isa = XCBuildConfiguration;
			buildSettings = {
				ALWAYS_SEARCH_USER_PATHS = NO;
				CLANG_ANALYZER_NONNULL = YES;
				CLANG_ANALYZER_NUMBER_OBJECT_CONVERSION = YES_AGGRESSIVE;
				CLANG_CXX_LANGUAGE_STANDARD = "gnu++17";
				CLANG_ENABLE_MODULES = YES;
				CLANG_ENABLE_OBJC_ARC = YES;
				CLANG_ENABLE_OBJC_WEAK = YES;
				CLANG_WARN_BLOCK_CAPTURE_AUTORELEASING = YES;
				CLANG_WARN_BOOL_CONVERSION = YES;
				CLANG_WARN_COMMA = YES;
				CLANG_WARN_CONSTANT_CONVERSION = YES;
				CLANG_WARN_DEPRECATED_OBJC_IMPLEMENTATIONS = YES;
				CLANG_WARN_DIRECT_OBJC_ISA_USAGE = YES_ERROR;
				CLANG_WARN_DOCUMENTATION_COMMENTS = YES;
				CLANG_WARN_EMPTY_BODY = YES;
				CLANG_WARN_ENUM_CONVERSION = YES;
				CLANG_WARN_INFINITE_RECURSION = YES;
				CLANG_WARN_INT_CONVERSION = YES;
				CLANG_WARN_NON_LITERAL_NULL_CONVERSION = YES;
				CLANG_WARN_OBJC_IMPLICIT_RETAIN_SELF = YES;
				CLANG_WARN_OBJC_LITERAL_CONVERSION = YES;
				CLANG_WARN_OBJC_ROOT_CLASS = YES_ERROR;
				CLANG_WARN_QUOTED_INCLUDE_IN_FRAMEWORK_HEADER = YES;
				CLANG_WARN_RANGE_LOOP_ANALYSIS = YES;
				CLANG_WARN_STRICT_PROTOTYPES = YES;
				CLANG_WARN_SUSPICIOUS_MOVE = YES;
				CLANG_WARN_UNGUARDED_AVAILABILITY = YES_AGGRESSIVE;
				CLANG_WARN_UNREACHABLE_CODE = YES;
				CLANG_WARN__DUPLICATE_METHOD_MATCH = YES;
				COPY_PHASE_STRIP = NO;
				DEBUG_INFORMATION_FORMAT = "dwarf-with-dsym";
				ENABLE_NS_ASSERTIONS = NO;
				ENABLE_STRICT_OBJC_MSGSEND = YES;
				GCC_C_LANGUAGE_STANDARD = gnu11;
				GCC_NO_COMMON_BLOCKS = YES;
				GCC_WARN_64_TO_32_BIT_CONVERSION = YES;
				GCC_WARN_ABOUT_RETURN_TYPE = YES_ERROR;
				GCC_WARN_UNDECLARED_SELECTOR = YES;
				GCC_WARN_UNINITIALIZED_AUTOS = YES_AGGRESSIVE;
				GCC_WARN_UNUSED_FUNCTION = YES;
				GCC_WARN_UNUSED_VARIABLE = YES;
				IPHONEOS_DEPLOYMENT_TARGET = 17.6;
				MTL_ENABLE_DEBUG_INFO = NO;
				MTL_FAST_MATH = YES;
				SDKROOT = iphoneos;
				SWIFT_COMPILATION_MODE = wholemodule;
				SWIFT_OPTIMIZATION_LEVEL = "-O";
				VALIDATE_PRODUCT = YES;
			};
			name = Release;
		};
		50B61A8A2878796C0030CC83 /* Debug */ = {
			isa = XCBuildConfiguration;
			buildSettings = {
				ASSETCATALOG_COMPILER_APPICON_NAME = AppIcon;
				ASSETCATALOG_COMPILER_GLOBAL_ACCENT_COLOR_NAME = AccentColor;
				CODE_SIGN_STYLE = Automatic;
				CURRENT_PROJECT_VERSION = 1;
				DEVELOPMENT_ASSET_PATHS = "\"PhantomConnectExample/Preview Content\"";
				DEVELOPMENT_TEAM = 34X3BT977M;
				ENABLE_PREVIEWS = YES;
				GENERATE_INFOPLIST_FILE = YES;
				INFOPLIST_FILE = PhantomConnectExample/Info.plist;
				INFOPLIST_KEY_UIApplicationSceneManifest_Generation = YES;
				INFOPLIST_KEY_UIApplicationSupportsIndirectInputEvents = YES;
				INFOPLIST_KEY_UILaunchScreen_Generation = YES;
				INFOPLIST_KEY_UISupportedInterfaceOrientations_iPad = "UIInterfaceOrientationPortrait UIInterfaceOrientationPortraitUpsideDown UIInterfaceOrientationLandscapeLeft UIInterfaceOrientationLandscapeRight";
				INFOPLIST_KEY_UISupportedInterfaceOrientations_iPhone = "UIInterfaceOrientationPortrait UIInterfaceOrientationLandscapeLeft UIInterfaceOrientationLandscapeRight";
				IPHONEOS_DEPLOYMENT_TARGET = 17.6;
				LD_RUNPATH_SEARCH_PATHS = (
					"$(inherited)",
					"@executable_path/Frameworks",
				);
				MARKETING_VERSION = 1.0;
				PRODUCT_BUNDLE_IDENTIFIER = hong.com.app1;
				PRODUCT_NAME = "$(TARGET_NAME)";
				SUPPORTED_PLATFORMS = "iphoneos iphonesimulator";
				SUPPORTS_MACCATALYST = NO;
				SUPPORTS_MAC_DESIGNED_FOR_IPHONE_IPAD = NO;
				SUPPORTS_XR_DESIGNED_FOR_IPHONE_IPAD = NO;
				SWIFT_EMIT_LOC_STRINGS = YES;
				SWIFT_VERSION = 5.0;
				TARGETED_DEVICE_FAMILY = 1;
			};
			name = Debug;
		};
		50B61A8B2878796C0030CC83 /* Release */ = {
			isa = XCBuildConfiguration;
			buildSettings = {
				ASSETCATALOG_COMPILER_APPICON_NAME = AppIcon;
				ASSETCATALOG_COMPILER_GLOBAL_ACCENT_COLOR_NAME = AccentColor;
				CODE_SIGN_STYLE = Automatic;
				CURRENT_PROJECT_VERSION = 1;
				DEVELOPMENT_ASSET_PATHS = "\"PhantomConnectExample/Preview Content\"";
				DEVELOPMENT_TEAM = 34X3BT977M;
				ENABLE_PREVIEWS = YES;
				GENERATE_INFOPLIST_FILE = YES;
				INFOPLIST_FILE = PhantomConnectExample/Info.plist;
				INFOPLIST_KEY_UIApplicationSceneManifest_Generation = YES;
				INFOPLIST_KEY_UIApplicationSupportsIndirectInputEvents = YES;
				INFOPLIST_KEY_UILaunchScreen_Generation = YES;
				INFOPLIST_KEY_UISupportedInterfaceOrientations_iPad = "UIInterfaceOrientationPortrait UIInterfaceOrientationPortraitUpsideDown UIInterfaceOrientationLandscapeLeft UIInterfaceOrientationLandscapeRight";
				INFOPLIST_KEY_UISupportedInterfaceOrientations_iPhone = "UIInterfaceOrientationPortrait UIInterfaceOrientationLandscapeLeft UIInterfaceOrientationLandscapeRight";
				IPHONEOS_DEPLOYMENT_TARGET = 17.6;
				LD_RUNPATH_SEARCH_PATHS = (
					"$(inherited)",
					"@executable_path/Frameworks",
				);
				MARKETING_VERSION = 1.0;
				PRODUCT_BUNDLE_IDENTIFIER = hong.com.app1;
				PRODUCT_NAME = "$(TARGET_NAME)";
				SUPPORTED_PLATFORMS = "iphoneos iphonesimulator";
				SUPPORTS_MACCATALYST = NO;
				SUPPORTS_MAC_DESIGNED_FOR_IPHONE_IPAD = NO;
				SUPPORTS_XR_DESIGNED_FOR_IPHONE_IPAD = NO;
				SWIFT_EMIT_LOC_STRINGS = YES;
				SWIFT_VERSION = 5.0;
				TARGETED_DEVICE_FAMILY = 1;
			};
			name = Release;
		};
/* End XCBuildConfiguration section */

/* Begin XCConfigurationList section */
		50B61A762878796B0030CC83 /* Build configuration list for PBXProject "FinePay" */ = {
			isa = XCConfigurationList;
			buildConfigurations = (
				50B61A872878796C0030CC83 /* Debug */,
				50B61A882878796C0030CC83 /* Release */,
			);
			defaultConfigurationIsVisible = 0;
			defaultConfigurationName = Release;
		};
		50B61A892878796C0030CC83 /* Build configuration list for PBXNativeTarget "FinePay" */ = {
			isa = XCConfigurationList;
			buildConfigurations = (
				50B61A8A2878796C0030CC83 /* Debug */,
				50B61A8B2878796C0030CC83 /* Release */,
			);
			defaultConfigurationIsVisible = 0;
			defaultConfigurationName = Release;
		};
/* End XCConfigurationList section */

/* Begin XCSwiftPackageProductDependency section */
		50B61A9028787AAD0030CC83 /* PhantomConnect */ = {
			isa = XCSwiftPackageProductDependency;
			productName = PhantomConnect;
		};
		50B61A9328787AB60030CC83 /* PhantomConnect */ = {
			isa = XCSwiftPackageProductDependency;
			productName = PhantomConnect;
		};
/* End XCSwiftPackageProductDependency section */
	};
	rootObject = 50B61A732878796B0030CC83 /* Project object */;
}
